// !$*UTF8*$!
{
	archiveVersion = 1;
	classes = {
	};
	objectVersion = 56;
	objects = {

/* Begin PBXBuildFile section */
		1B9497902C70FC37009F5AB1 /* PokemonApp.swift in Sources */ = {isa = PBXBuildFile; fileRef = 1B94978F2C70FC37009F5AB1 /* PokemonApp.swift */; };
		1B9497922C70FC37009F5AB1 /* HomeView.swift in Sources */ = {isa = PBXBuildFile; fileRef = 1B9497912C70FC37009F5AB1 /* HomeView.swift */; };
		1B9497942C70FC39009F5AB1 /* Assets.xcassets in Resources */ = {isa = PBXBuildFile; fileRef = 1B9497932C70FC39009F5AB1 /* Assets.xcassets */; };
		1B9497972C70FC39009F5AB1 /* Preview Assets.xcassets in Resources */ = {isa = PBXBuildFile; fileRef = 1B9497962C70FC39009F5AB1 /* Preview Assets.xcassets */; };
		1B9497A12C70FC39009F5AB1 /* HomeViewModelTests.swift in Sources */ = {isa = PBXBuildFile; fileRef = 1B9497A02C70FC39009F5AB1 /* HomeViewModelTests.swift */; };
		1B9497AB2C70FC39009F5AB1 /* PokemonUITests.swift in Sources */ = {isa = PBXBuildFile; fileRef = 1B9497AA2C70FC39009F5AB1 /* PokemonUITests.swift */; };
		1B9497AD2C70FC39009F5AB1 /* PokemonUITestsLaunchTests.swift in Sources */ = {isa = PBXBuildFile; fileRef = 1B9497AC2C70FC39009F5AB1 /* PokemonUITestsLaunchTests.swift */; };
		1B9497BE2C70FCE1009F5AB1 /* DetailView.swift in Sources */ = {isa = PBXBuildFile; fileRef = 1B9497BD2C70FCE1009F5AB1 /* DetailView.swift */; };
		1B9497C12C71036B009F5AB1 /* Alamofire in Frameworks */ = {isa = PBXBuildFile; productRef = 1B9497C02C71036B009F5AB1 /* Alamofire */; };
		1B9497CE2C710809009F5AB1 /* HomeViewModel.swift in Sources */ = {isa = PBXBuildFile; fileRef = 1B9497CD2C710808009F5AB1 /* HomeViewModel.swift */; };
		1B9497D02C710A6A009F5AB1 /* DetailViewModel.swift in Sources */ = {isa = PBXBuildFile; fileRef = 1B9497CF2C710A6A009F5AB1 /* DetailViewModel.swift */; };
		1B9497D22C710A9B009F5AB1 /* Pokemon.swift in Sources */ = {isa = PBXBuildFile; fileRef = 1B9497D12C710A9B009F5AB1 /* Pokemon.swift */; };
		1B9497D42C710ACA009F5AB1 /* PokemonDetail.swift in Sources */ = {isa = PBXBuildFile; fileRef = 1B9497D32C710ACA009F5AB1 /* PokemonDetail.swift */; };
		1B9497D62C710D35009F5AB1 /* AppEnvironment.swift in Sources */ = {isa = PBXBuildFile; fileRef = 1B9497D52C710D35009F5AB1 /* AppEnvironment.swift */; };
		1B9497D82C710D97009F5AB1 /* NetworkService.swift in Sources */ = {isa = PBXBuildFile; fileRef = 1B9497D72C710D97009F5AB1 /* NetworkService.swift */; };
		1B9497DA2C710DBB009F5AB1 /* URLRequestBuilder.swift in Sources */ = {isa = PBXBuildFile; fileRef = 1B9497D92C710DBB009F5AB1 /* URLRequestBuilder.swift */; };
		1B9497DC2C710DDA009F5AB1 /* API.swift in Sources */ = {isa = PBXBuildFile; fileRef = 1B9497DB2C710DDA009F5AB1 /* API.swift */; };
		1BA6F4862C73731100072F4D /* HomeViewModel.swift in Sources */ = {isa = PBXBuildFile; fileRef = 1B9497CD2C710808009F5AB1 /* HomeViewModel.swift */; };
		1BA6F4882C7377F200072F4D /* MockNetworkService.swift in Sources */ = {isa = PBXBuildFile; fileRef = 1BA6F4872C7377F200072F4D /* MockNetworkService.swift */; };
		1BA6F4892C7377F200072F4D /* MockNetworkService.swift in Sources */ = {isa = PBXBuildFile; fileRef = 1BA6F4872C7377F200072F4D /* MockNetworkService.swift */; };
		1BA6F48A2C73784200072F4D /* NetworkService.swift in Sources */ = {isa = PBXBuildFile; fileRef = 1B9497D72C710D97009F5AB1 /* NetworkService.swift */; };
		1BA6F48B2C73784500072F4D /* AppEnvironment.swift in Sources */ = {isa = PBXBuildFile; fileRef = 1B9497D52C710D35009F5AB1 /* AppEnvironment.swift */; };
		1BA6F48C2C73784700072F4D /* URLRequestBuilder.swift in Sources */ = {isa = PBXBuildFile; fileRef = 1B9497D92C710DBB009F5AB1 /* URLRequestBuilder.swift */; };
		1BA6F48D2C73784900072F4D /* API.swift in Sources */ = {isa = PBXBuildFile; fileRef = 1B9497DB2C710DDA009F5AB1 /* API.swift */; };
		1BA6F48F2C73E44200072F4D /* Pokemon.swift in Sources */ = {isa = PBXBuildFile; fileRef = 1B9497D12C710A9B009F5AB1 /* Pokemon.swift */; };
		1BA6F4902C73E44500072F4D /* PokemonDetail.swift in Sources */ = {isa = PBXBuildFile; fileRef = 1B9497D32C710ACA009F5AB1 /* PokemonDetail.swift */; };
		1BA6F4912C73F3B700072F4D /* DetailViewModel.swift in Sources */ = {isa = PBXBuildFile; fileRef = 1B9497CF2C710A6A009F5AB1 /* DetailViewModel.swift */; };
		1BA6F4942C73F40600072F4D /* DetailViewModelTests.swift in Sources */ = {isa = PBXBuildFile; fileRef = 1BA6F4922C73F40600072F4D /* DetailViewModelTests.swift */; };
		1BA6F4962C77678300072F4D /* Stat.swift in Sources */ = {isa = PBXBuildFile; fileRef = 1BA6F4952C77678300072F4D /* Stat.swift */; };
		1BA6F4972C77678300072F4D /* Stat.swift in Sources */ = {isa = PBXBuildFile; fileRef = 1BA6F4952C77678300072F4D /* Stat.swift */; };
		1BA6F4992C77679800072F4D /* TypeElement.swift in Sources */ = {isa = PBXBuildFile; fileRef = 1BA6F4982C77679800072F4D /* TypeElement.swift */; };
		1BA6F49A2C77679800072F4D /* TypeElement.swift in Sources */ = {isa = PBXBuildFile; fileRef = 1BA6F4982C77679800072F4D /* TypeElement.swift */; };
		1BA6F49C2C7767AD00072F4D /* Species.swift in Sources */ = {isa = PBXBuildFile; fileRef = 1BA6F49B2C7767AD00072F4D /* Species.swift */; };
		1BA6F49D2C7767AD00072F4D /* Species.swift in Sources */ = {isa = PBXBuildFile; fileRef = 1BA6F49B2C7767AD00072F4D /* Species.swift */; };
		1BA6F49F2C7767C300072F4D /* Sprite.swift in Sources */ = {isa = PBXBuildFile; fileRef = 1BA6F49E2C7767C300072F4D /* Sprite.swift */; };
		1BA6F4A02C7767C300072F4D /* Sprite.swift in Sources */ = {isa = PBXBuildFile; fileRef = 1BA6F49E2C7767C300072F4D /* Sprite.swift */; };
		1BA6F4A32C7768F900072F4D /* Enums.swift in Sources */ = {isa = PBXBuildFile; fileRef = 1BA6F4A22C7768F900072F4D /* Enums.swift */; };
		1BA6F4A42C7768F900072F4D /* Enums.swift in Sources */ = {isa = PBXBuildFile; fileRef = 1BA6F4A22C7768F900072F4D /* Enums.swift */; };
		1BA6F4A62C77694000072F4D /* ErrorView.swift in Sources */ = {isa = PBXBuildFile; fileRef = 1BA6F4A52C77694000072F4D /* ErrorView.swift */; };
		1BA6F4A92C792B0B00072F4D /* LaunchScreen.storyboard in Resources */ = {isa = PBXBuildFile; fileRef = 1BA6F4A82C792B0B00072F4D /* LaunchScreen.storyboard */; };
/* End PBXBuildFile section */

/* Begin PBXContainerItemProxy section */
		1B94979D2C70FC39009F5AB1 /* PBXContainerItemProxy */ = {
			isa = PBXContainerItemProxy;
			containerPortal = 1B9497842C70FC37009F5AB1 /* Project object */;
			proxyType = 1;
			remoteGlobalIDString = 1B94978B2C70FC37009F5AB1;
			remoteInfo = Pokemon;
		};
		1B9497A72C70FC39009F5AB1 /* PBXContainerItemProxy */ = {
			isa = PBXContainerItemProxy;
			containerPortal = 1B9497842C70FC37009F5AB1 /* Project object */;
			proxyType = 1;
			remoteGlobalIDString = 1B94978B2C70FC37009F5AB1;
			remoteInfo = Pokemon;
		};
/* End PBXContainerItemProxy section */

/* Begin PBXFileReference section */
		1B94978C2C70FC37009F5AB1 /* Pokemon.app */ = {isa = PBXFileReference; explicitFileType = wrapper.application; includeInIndex = 0; path = Pokemon.app; sourceTree = BUILT_PRODUCTS_DIR; };
		1B94978F2C70FC37009F5AB1 /* PokemonApp.swift */ = {isa = PBXFileReference; lastKnownFileType = sourcecode.swift; path = PokemonApp.swift; sourceTree = "<group>"; };
		1B9497912C70FC37009F5AB1 /* HomeView.swift */ = {isa = PBXFileReference; lastKnownFileType = sourcecode.swift; path = HomeView.swift; sourceTree = "<group>"; };
		1B9497932C70FC39009F5AB1 /* Assets.xcassets */ = {isa = PBXFileReference; lastKnownFileType = folder.assetcatalog; path = Assets.xcassets; sourceTree = "<group>"; };
		1B9497962C70FC39009F5AB1 /* Preview Assets.xcassets */ = {isa = PBXFileReference; lastKnownFileType = folder.assetcatalog; path = "Preview Assets.xcassets"; sourceTree = "<group>"; };
		1B94979C2C70FC39009F5AB1 /* PokemonTests.xctest */ = {isa = PBXFileReference; explicitFileType = wrapper.cfbundle; includeInIndex = 0; path = PokemonTests.xctest; sourceTree = BUILT_PRODUCTS_DIR; };
		1B9497A02C70FC39009F5AB1 /* HomeViewModelTests.swift */ = {isa = PBXFileReference; lastKnownFileType = sourcecode.swift; path = HomeViewModelTests.swift; sourceTree = "<group>"; };
		1B9497A62C70FC39009F5AB1 /* PokemonUITests.xctest */ = {isa = PBXFileReference; explicitFileType = wrapper.cfbundle; includeInIndex = 0; path = PokemonUITests.xctest; sourceTree = BUILT_PRODUCTS_DIR; };
		1B9497AA2C70FC39009F5AB1 /* PokemonUITests.swift */ = {isa = PBXFileReference; lastKnownFileType = sourcecode.swift; path = PokemonUITests.swift; sourceTree = "<group>"; };
		1B9497AC2C70FC39009F5AB1 /* PokemonUITestsLaunchTests.swift */ = {isa = PBXFileReference; lastKnownFileType = sourcecode.swift; path = PokemonUITestsLaunchTests.swift; sourceTree = "<group>"; };
		1B9497BD2C70FCE1009F5AB1 /* DetailView.swift */ = {isa = PBXFileReference; lastKnownFileType = sourcecode.swift; path = DetailView.swift; sourceTree = "<group>"; };
		1B9497CD2C710808009F5AB1 /* HomeViewModel.swift */ = {isa = PBXFileReference; lastKnownFileType = sourcecode.swift; path = HomeViewModel.swift; sourceTree = "<group>"; };
		1B9497CF2C710A6A009F5AB1 /* DetailViewModel.swift */ = {isa = PBXFileReference; lastKnownFileType = sourcecode.swift; path = DetailViewModel.swift; sourceTree = "<group>"; };
		1B9497D12C710A9B009F5AB1 /* Pokemon.swift */ = {isa = PBXFileReference; lastKnownFileType = sourcecode.swift; path = Pokemon.swift; sourceTree = "<group>"; };
		1B9497D32C710ACA009F5AB1 /* PokemonDetail.swift */ = {isa = PBXFileReference; lastKnownFileType = sourcecode.swift; path = PokemonDetail.swift; sourceTree = "<group>"; };
		1B9497D52C710D35009F5AB1 /* AppEnvironment.swift */ = {isa = PBXFileReference; lastKnownFileType = sourcecode.swift; path = AppEnvironment.swift; sourceTree = "<group>"; };
		1B9497D72C710D97009F5AB1 /* NetworkService.swift */ = {isa = PBXFileReference; lastKnownFileType = sourcecode.swift; path = NetworkService.swift; sourceTree = "<group>"; };
		1B9497D92C710DBB009F5AB1 /* URLRequestBuilder.swift */ = {isa = PBXFileReference; lastKnownFileType = sourcecode.swift; path = URLRequestBuilder.swift; sourceTree = "<group>"; };
		1B9497DB2C710DDA009F5AB1 /* API.swift */ = {isa = PBXFileReference; lastKnownFileType = sourcecode.swift; path = API.swift; sourceTree = "<group>"; };
		1BA6F4872C7377F200072F4D /* MockNetworkService.swift */ = {isa = PBXFileReference; lastKnownFileType = sourcecode.swift; path = MockNetworkService.swift; sourceTree = "<group>"; };
		1BA6F4922C73F40600072F4D /* DetailViewModelTests.swift */ = {isa = PBXFileReference; lastKnownFileType = sourcecode.swift; path = DetailViewModelTests.swift; sourceTree = "<group>"; };
		1BA6F4952C77678300072F4D /* Stat.swift */ = {isa = PBXFileReference; lastKnownFileType = sourcecode.swift; path = Stat.swift; sourceTree = "<group>"; };
		1BA6F4982C77679800072F4D /* TypeElement.swift */ = {isa = PBXFileReference; lastKnownFileType = sourcecode.swift; path = TypeElement.swift; sourceTree = "<group>"; };
		1BA6F49B2C7767AD00072F4D /* Species.swift */ = {isa = PBXFileReference; lastKnownFileType = sourcecode.swift; path = Species.swift; sourceTree = "<group>"; };
		1BA6F49E2C7767C300072F4D /* Sprite.swift */ = {isa = PBXFileReference; lastKnownFileType = sourcecode.swift; path = Sprite.swift; sourceTree = "<group>"; };
		1BA6F4A22C7768F900072F4D /* Enums.swift */ = {isa = PBXFileReference; lastKnownFileType = sourcecode.swift; path = Enums.swift; sourceTree = "<group>"; };
		1BA6F4A52C77694000072F4D /* ErrorView.swift */ = {isa = PBXFileReference; lastKnownFileType = sourcecode.swift; path = ErrorView.swift; sourceTree = "<group>"; };
		1BA6F4A82C792B0B00072F4D /* LaunchScreen.storyboard */ = {isa = PBXFileReference; lastKnownFileType = file.storyboard; path = LaunchScreen.storyboard; sourceTree = "<group>"; };
		1BA6F4AA2C7935B400072F4D /* Info.plist */ = {isa = PBXFileReference; lastKnownFileType = text.plist; path = Info.plist; sourceTree = "<group>"; };
/* End PBXFileReference section */

/* Begin PBXFrameworksBuildPhase section */
		1B9497892C70FC37009F5AB1 /* Frameworks */ = {
			isa = PBXFrameworksBuildPhase;
			buildActionMask = 2147483647;
			files = (
				1B9497C12C71036B009F5AB1 /* Alamofire in Frameworks */,
			);
			runOnlyForDeploymentPostprocessing = 0;
		};
		1B9497992C70FC39009F5AB1 /* Frameworks */ = {
			isa = PBXFrameworksBuildPhase;
			buildActionMask = 2147483647;
			files = (
			);
			runOnlyForDeploymentPostprocessing = 0;
		};
		1B9497A32C70FC39009F5AB1 /* Frameworks */ = {
			isa = PBXFrameworksBuildPhase;
			buildActionMask = 2147483647;
			files = (
			);
			runOnlyForDeploymentPostprocessing = 0;
		};
/* End PBXFrameworksBuildPhase section */

/* Begin PBXGroup section */
		1B57B34D2C7946CF007BDB75 /* View */ = {
			isa = PBXGroup;
			children = (
				1B9497912C70FC37009F5AB1 /* HomeView.swift */,
			);
			path = View;
			sourceTree = "<group>";
		};
		1B57B34E2C7946E1007BDB75 /* Model */ = {
			isa = PBXGroup;
			children = (
				1B9497D12C710A9B009F5AB1 /* Pokemon.swift */,
			);
			path = Model;
			sourceTree = "<group>";
		};
		1B57B34F2C7946E7007BDB75 /* ViewModel */ = {
			isa = PBXGroup;
			children = (
				1B9497CD2C710808009F5AB1 /* HomeViewModel.swift */,
			);
			path = ViewModel;
			sourceTree = "<group>";
		};
		1B57B3502C794709007BDB75 /* DetailView */ = {
			isa = PBXGroup;
			children = (
				1B9497BC2C70FCAF009F5AB1 /* Model */,
				1B57B3512C794730007BDB75 /* View */,
				1B9497BB2C70FCA9009F5AB1 /* ViewModel */,
			);
			path = DetailView;
			sourceTree = "<group>";
		};
		1B57B3512C794730007BDB75 /* View */ = {
			isa = PBXGroup;
			children = (
				1B9497BD2C70FCE1009F5AB1 /* DetailView.swift */,
			);
			path = View;
			sourceTree = "<group>";
		};
		1B57B3522C794777007BDB75 /* ErrorView */ = {
			isa = PBXGroup;
			children = (
				1BA6F4A52C77694000072F4D /* ErrorView.swift */,
			);
			path = ErrorView;
			sourceTree = "<group>";
		};
		1B9497832C70FC37009F5AB1 = {
			isa = PBXGroup;
			children = (
				1B94978E2C70FC37009F5AB1 /* Pokemon */,
				1B94979F2C70FC39009F5AB1 /* PokemonTests */,
				1B9497A92C70FC39009F5AB1 /* PokemonUITests */,
				1B94978D2C70FC37009F5AB1 /* Products */,
			);
			sourceTree = "<group>";
		};
		1B94978D2C70FC37009F5AB1 /* Products */ = {
			isa = PBXGroup;
			children = (
				1B94978C2C70FC37009F5AB1 /* Pokemon.app */,
				1B94979C2C70FC39009F5AB1 /* PokemonTests.xctest */,
				1B9497A62C70FC39009F5AB1 /* PokemonUITests.xctest */,
			);
			name = Products;
			sourceTree = "<group>";
		};
		1B94978E2C70FC37009F5AB1 /* Pokemon */ = {
			isa = PBXGroup;
			children = (
				1BA6F4AA2C7935B400072F4D /* Info.plist */,
				1BA6F4A12C7768EC00072F4D /* Enums */,
				1B9497C42C7103AF009F5AB1 /* NetworkLayer */,
				1B9497B92C70FC96009F5AB1 /* HomeView */,
				1B57B3502C794709007BDB75 /* DetailView */,
				1B57B3522C794777007BDB75 /* ErrorView */,
				1B94978F2C70FC37009F5AB1 /* PokemonApp.swift */,
				1B9497932C70FC39009F5AB1 /* Assets.xcassets */,
				1B9497952C70FC39009F5AB1 /* Preview Content */,
				1BA6F4A82C792B0B00072F4D /* LaunchScreen.storyboard */,
			);
			path = Pokemon;
			sourceTree = "<group>";
		};
		1B9497952C70FC39009F5AB1 /* Preview Content */ = {
			isa = PBXGroup;
			children = (
				1B9497962C70FC39009F5AB1 /* Preview Assets.xcassets */,
			);
			path = "Preview Content";
			sourceTree = "<group>";
		};
		1B94979F2C70FC39009F5AB1 /* PokemonTests */ = {
			isa = PBXGroup;
			children = (
				1B9497A02C70FC39009F5AB1 /* HomeViewModelTests.swift */,
				1BA6F4922C73F40600072F4D /* DetailViewModelTests.swift */,
				1BA6F4872C7377F200072F4D /* MockNetworkService.swift */,
			);
			path = PokemonTests;
			sourceTree = "<group>";
		};
		1B9497A92C70FC39009F5AB1 /* PokemonUITests */ = {
			isa = PBXGroup;
			children = (
				1B9497AA2C70FC39009F5AB1 /* PokemonUITests.swift */,
				1B9497AC2C70FC39009F5AB1 /* PokemonUITestsLaunchTests.swift */,
			);
			path = PokemonUITests;
			sourceTree = "<group>";
		};
		1B9497B92C70FC96009F5AB1 /* HomeView */ = {
			isa = PBXGroup;
			children = (
				1B57B34E2C7946E1007BDB75 /* Model */,
				1B57B34D2C7946CF007BDB75 /* View */,
				1B57B34F2C7946E7007BDB75 /* ViewModel */,
			);
			path = HomeView;
			sourceTree = "<group>";
		};
		1B9497BB2C70FCA9009F5AB1 /* ViewModel */ = {
			isa = PBXGroup;
			children = (
				1B9497CF2C710A6A009F5AB1 /* DetailViewModel.swift */,
			);
			path = ViewModel;
			sourceTree = "<group>";
		};
		1B9497BC2C70FCAF009F5AB1 /* Model */ = {
			isa = PBXGroup;
			children = (
				1B9497D32C710ACA009F5AB1 /* PokemonDetail.swift */,
				1BA6F4952C77678300072F4D /* Stat.swift */,
				1BA6F4982C77679800072F4D /* TypeElement.swift */,
				1BA6F49B2C7767AD00072F4D /* Species.swift */,
				1BA6F49E2C7767C300072F4D /* Sprite.swift */,
			);
			path = Model;
			sourceTree = "<group>";
		};
		1B9497C42C7103AF009F5AB1 /* NetworkLayer */ = {
			isa = PBXGroup;
			children = (
				1B9497D52C710D35009F5AB1 /* AppEnvironment.swift */,
				1B9497D72C710D97009F5AB1 /* NetworkService.swift */,
				1B9497D92C710DBB009F5AB1 /* URLRequestBuilder.swift */,
				1B9497DB2C710DDA009F5AB1 /* API.swift */,
			);
			path = NetworkLayer;
			sourceTree = "<group>";
		};
		1BA6F4A12C7768EC00072F4D /* Enums */ = {
			isa = PBXGroup;
			children = (
				1BA6F4A22C7768F900072F4D /* Enums.swift */,
			);
			path = Enums;
			sourceTree = "<group>";
		};
/* End PBXGroup section */

/* Begin PBXNativeTarget section */
		1B94978B2C70FC37009F5AB1 /* Pokemon */ = {
			isa = PBXNativeTarget;
			buildConfigurationList = 1B9497B02C70FC39009F5AB1 /* Build configuration list for PBXNativeTarget "Pokemon" */;
			buildPhases = (
				1B9497882C70FC37009F5AB1 /* Sources */,
				1B9497892C70FC37009F5AB1 /* Frameworks */,
				1B94978A2C70FC37009F5AB1 /* Resources */,
			);
			buildRules = (
			);
			dependencies = (
			);
			name = Pokemon;
			packageProductDependencies = (
				1B9497C02C71036B009F5AB1 /* Alamofire */,
			);
			productName = Pokemon;
			productReference = 1B94978C2C70FC37009F5AB1 /* Pokemon.app */;
			productType = "com.apple.product-type.application";
		};
		1B94979B2C70FC39009F5AB1 /* PokemonTests */ = {
			isa = PBXNativeTarget;
			buildConfigurationList = 1B9497B32C70FC39009F5AB1 /* Build configuration list for PBXNativeTarget "PokemonTests" */;
			buildPhases = (
				1B9497982C70FC39009F5AB1 /* Sources */,
				1B9497992C70FC39009F5AB1 /* Frameworks */,
				1B94979A2C70FC39009F5AB1 /* Resources */,
			);
			buildRules = (
			);
			dependencies = (
				1B94979E2C70FC39009F5AB1 /* PBXTargetDependency */,
			);
			name = PokemonTests;
			productName = PokemonTests;
			productReference = 1B94979C2C70FC39009F5AB1 /* PokemonTests.xctest */;
			productType = "com.apple.product-type.bundle.unit-test";
		};
		1B9497A52C70FC39009F5AB1 /* PokemonUITests */ = {
			isa = PBXNativeTarget;
			buildConfigurationList = 1B9497B62C70FC39009F5AB1 /* Build configuration list for PBXNativeTarget "PokemonUITests" */;
			buildPhases = (
				1B9497A22C70FC39009F5AB1 /* Sources */,
				1B9497A32C70FC39009F5AB1 /* Frameworks */,
				1B9497A42C70FC39009F5AB1 /* Resources */,
			);
			buildRules = (
			);
			dependencies = (
				1B9497A82C70FC39009F5AB1 /* PBXTargetDependency */,
			);
			name = PokemonUITests;
			productName = PokemonUITests;
			productReference = 1B9497A62C70FC39009F5AB1 /* PokemonUITests.xctest */;
			productType = "com.apple.product-type.bundle.ui-testing";
		};
/* End PBXNativeTarget section */

/* Begin PBXProject section */
		1B9497842C70FC37009F5AB1 /* Project object */ = {
			isa = PBXProject;
			attributes = {
				BuildIndependentTargetsInParallel = 1;
				LastSwiftUpdateCheck = 1540;
				LastUpgradeCheck = 1540;
				TargetAttributes = {
					1B94978B2C70FC37009F5AB1 = {
						CreatedOnToolsVersion = 15.4;
					};
					1B94979B2C70FC39009F5AB1 = {
						CreatedOnToolsVersion = 15.4;
						TestTargetID = 1B94978B2C70FC37009F5AB1;
					};
					1B9497A52C70FC39009F5AB1 = {
						CreatedOnToolsVersion = 15.4;
						TestTargetID = 1B94978B2C70FC37009F5AB1;
					};
				};
			};
			buildConfigurationList = 1B9497872C70FC37009F5AB1 /* Build configuration list for PBXProject "Pokemon" */;
			compatibilityVersion = "Xcode 14.0";
			developmentRegion = en;
			hasScannedForEncodings = 0;
			knownRegions = (
				en,
				Base,
			);
			mainGroup = 1B9497832C70FC37009F5AB1;
			packageReferences = (
				1B9497BF2C71036B009F5AB1 /* XCRemoteSwiftPackageReference "Alamofire" */,
			);
			productRefGroup = 1B94978D2C70FC37009F5AB1 /* Products */;
			projectDirPath = "";
			projectRoot = "";
			targets = (
				1B94978B2C70FC37009F5AB1 /* Pokemon */,
				1B94979B2C70FC39009F5AB1 /* PokemonTests */,
				1B9497A52C70FC39009F5AB1 /* PokemonUITests */,
			);
		};
/* End PBXProject section */

/* Begin PBXResourcesBuildPhase section */
		1B94978A2C70FC37009F5AB1 /* Resources */ = {
			isa = PBXResourcesBuildPhase;
			buildActionMask = 2147483647;
			files = (
				1BA6F4A92C792B0B00072F4D /* LaunchScreen.storyboard in Resources */,
				1B9497972C70FC39009F5AB1 /* Preview Assets.xcassets in Resources */,
				1B9497942C70FC39009F5AB1 /* Assets.xcassets in Resources */,
			);
			runOnlyForDeploymentPostprocessing = 0;
		};
		1B94979A2C70FC39009F5AB1 /* Resources */ = {
			isa = PBXResourcesBuildPhase;
			buildActionMask = 2147483647;
			files = (
			);
			runOnlyForDeploymentPostprocessing = 0;
		};
		1B9497A42C70FC39009F5AB1 /* Resources */ = {
			isa = PBXResourcesBuildPhase;
			buildActionMask = 2147483647;
			files = (
			);
			runOnlyForDeploymentPostprocessing = 0;
		};
/* End PBXResourcesBuildPhase section */

/* Begin PBXSourcesBuildPhase section */
		1B9497882C70FC37009F5AB1 /* Sources */ = {
			isa = PBXSourcesBuildPhase;
			buildActionMask = 2147483647;
			files = (
				1BA6F4962C77678300072F4D /* Stat.swift in Sources */,
				1BA6F4882C7377F200072F4D /* MockNetworkService.swift in Sources */,
				1B9497DC2C710DDA009F5AB1 /* API.swift in Sources */,
				1B9497922C70FC37009F5AB1 /* HomeView.swift in Sources */,
				1B9497DA2C710DBB009F5AB1 /* URLRequestBuilder.swift in Sources */,
				1BA6F4A32C7768F900072F4D /* Enums.swift in Sources */,
				1B9497BE2C70FCE1009F5AB1 /* DetailView.swift in Sources */,
				1BA6F4A62C77694000072F4D /* ErrorView.swift in Sources */,
				1B9497D42C710ACA009F5AB1 /* PokemonDetail.swift in Sources */,
				1B9497902C70FC37009F5AB1 /* PokemonApp.swift in Sources */,
				1B9497D82C710D97009F5AB1 /* NetworkService.swift in Sources */,
				1B9497D02C710A6A009F5AB1 /* DetailViewModel.swift in Sources */,
				1BA6F4992C77679800072F4D /* TypeElement.swift in Sources */,
				1B9497D62C710D35009F5AB1 /* AppEnvironment.swift in Sources */,
				1B9497CE2C710809009F5AB1 /* HomeViewModel.swift in Sources */,
				1BA6F49C2C7767AD00072F4D /* Species.swift in Sources */,
				1BA6F49F2C7767C300072F4D /* Sprite.swift in Sources */,
				1B9497D22C710A9B009F5AB1 /* Pokemon.swift in Sources */,
			);
			runOnlyForDeploymentPostprocessing = 0;
		};
		1B9497982C70FC39009F5AB1 /* Sources */ = {
			isa = PBXSourcesBuildPhase;
			buildActionMask = 2147483647;
			files = (
				1BA6F4942C73F40600072F4D /* DetailViewModelTests.swift in Sources */,
				1BA6F48B2C73784500072F4D /* AppEnvironment.swift in Sources */,
				1BA6F48F2C73E44200072F4D /* Pokemon.swift in Sources */,
				1BA6F4892C7377F200072F4D /* MockNetworkService.swift in Sources */,
				1BA6F4912C73F3B700072F4D /* DetailViewModel.swift in Sources */,
				1B9497A12C70FC39009F5AB1 /* HomeViewModelTests.swift in Sources */,
				1BA6F49A2C77679800072F4D /* TypeElement.swift in Sources */,
				1BA6F48A2C73784200072F4D /* NetworkService.swift in Sources */,
				1BA6F49D2C7767AD00072F4D /* Species.swift in Sources */,
				1BA6F4862C73731100072F4D /* HomeViewModel.swift in Sources */,
				1BA6F4A02C7767C300072F4D /* Sprite.swift in Sources */,
				1BA6F48C2C73784700072F4D /* URLRequestBuilder.swift in Sources */,
				1BA6F4972C77678300072F4D /* Stat.swift in Sources */,
				1BA6F4902C73E44500072F4D /* PokemonDetail.swift in Sources */,
				1BA6F4A42C7768F900072F4D /* Enums.swift in Sources */,
				1BA6F48D2C73784900072F4D /* API.swift in Sources */,
			);
			runOnlyForDeploymentPostprocessing = 0;
		};
		1B9497A22C70FC39009F5AB1 /* Sources */ = {
			isa = PBXSourcesBuildPhase;
			buildActionMask = 2147483647;
			files = (
				1B9497AD2C70FC39009F5AB1 /* PokemonUITestsLaunchTests.swift in Sources */,
				1B9497AB2C70FC39009F5AB1 /* PokemonUITests.swift in Sources */,
			);
			runOnlyForDeploymentPostprocessing = 0;
		};
/* End PBXSourcesBuildPhase section */

/* Begin PBXTargetDependency section */
		1B94979E2C70FC39009F5AB1 /* PBXTargetDependency */ = {
			isa = PBXTargetDependency;
			target = 1B94978B2C70FC37009F5AB1 /* Pokemon */;
			targetProxy = 1B94979D2C70FC39009F5AB1 /* PBXContainerItemProxy */;
		};
		1B9497A82C70FC39009F5AB1 /* PBXTargetDependency */ = {
			isa = PBXTargetDependency;
			target = 1B94978B2C70FC37009F5AB1 /* Pokemon */;
			targetProxy = 1B9497A72C70FC39009F5AB1 /* PBXContainerItemProxy */;
		};
/* End PBXTargetDependency section */

/* Begin XCBuildConfiguration section */
		1B9497AE2C70FC39009F5AB1 /* Debug */ = {
			isa = XCBuildConfiguration;
			buildSettings = {
				ALWAYS_SEARCH_USER_PATHS = NO;
				ASSETCATALOG_COMPILER_GENERATE_SWIFT_ASSET_SYMBOL_EXTENSIONS = YES;
				CLANG_ANALYZER_NONNULL = YES;
				CLANG_ANALYZER_NUMBER_OBJECT_CONVERSION = YES_AGGRESSIVE;
				CLANG_CXX_LANGUAGE_STANDARD = "gnu++20";
				CLANG_ENABLE_MODULES = YES;
				CLANG_ENABLE_OBJC_ARC = YES;
				CLANG_ENABLE_OBJC_WEAK = YES;
				CLANG_WARN_BLOCK_CAPTURE_AUTORELEASING = YES;
				CLANG_WARN_BOOL_CONVERSION = YES;
				CLANG_WARN_COMMA = YES;
				CLANG_WARN_CONSTANT_CONVERSION = YES;
				CLANG_WARN_DEPRECATED_OBJC_IMPLEMENTATIONS = YES;
				CLANG_WARN_DIRECT_OBJC_ISA_USAGE = YES_ERROR;
				CLANG_WARN_DOCUMENTATION_COMMENTS = YES;
				CLANG_WARN_EMPTY_BODY = YES;
				CLANG_WARN_ENUM_CONVERSION = YES;
				CLANG_WARN_INFINITE_RECURSION = YES;
				CLANG_WARN_INT_CONVERSION = YES;
				CLANG_WARN_NON_LITERAL_NULL_CONVERSION = YES;
				CLANG_WARN_OBJC_IMPLICIT_RETAIN_SELF = YES;
				CLANG_WARN_OBJC_LITERAL_CONVERSION = YES;
				CLANG_WARN_OBJC_ROOT_CLASS = YES_ERROR;
				CLANG_WARN_QUOTED_INCLUDE_IN_FRAMEWORK_HEADER = YES;
				CLANG_WARN_RANGE_LOOP_ANALYSIS = YES;
				CLANG_WARN_STRICT_PROTOTYPES = YES;
				CLANG_WARN_SUSPICIOUS_MOVE = YES;
				CLANG_WARN_UNGUARDED_AVAILABILITY = YES_AGGRESSIVE;
				CLANG_WARN_UNREACHABLE_CODE = YES;
				CLANG_WARN__DUPLICATE_METHOD_MATCH = YES;
				COPY_PHASE_STRIP = NO;
				DEBUG_INFORMATION_FORMAT = dwarf;
				ENABLE_STRICT_OBJC_MSGSEND = YES;
				ENABLE_TESTABILITY = YES;
				ENABLE_USER_SCRIPT_SANDBOXING = YES;
				GCC_C_LANGUAGE_STANDARD = gnu17;
				GCC_DYNAMIC_NO_PIC = NO;
				GCC_NO_COMMON_BLOCKS = YES;
				GCC_OPTIMIZATION_LEVEL = 0;
				GCC_PREPROCESSOR_DEFINITIONS = (
					"DEBUG=1",
					"$(inherited)",
				);
				GCC_WARN_64_TO_32_BIT_CONVERSION = YES;
				GCC_WARN_ABOUT_RETURN_TYPE = YES_ERROR;
				GCC_WARN_UNDECLARED_SELECTOR = YES;
				GCC_WARN_UNINITIALIZED_AUTOS = YES_AGGRESSIVE;
				GCC_WARN_UNUSED_FUNCTION = YES;
				GCC_WARN_UNUSED_VARIABLE = YES;
				IPHONEOS_DEPLOYMENT_TARGET = 16.0;
				LOCALIZATION_PREFERS_STRING_CATALOGS = YES;
				MTL_ENABLE_DEBUG_INFO = INCLUDE_SOURCE;
				MTL_FAST_MATH = YES;
				ONLY_ACTIVE_ARCH = YES;
				SDKROOT = iphoneos;
				SWIFT_ACTIVE_COMPILATION_CONDITIONS = "DEBUG $(inherited)";
				SWIFT_OPTIMIZATION_LEVEL = "-Onone";
			};
			name = Debug;
		};
		1B9497AF2C70FC39009F5AB1 /* Release */ = {
			isa = XCBuildConfiguration;
			buildSettings = {
				ALWAYS_SEARCH_USER_PATHS = NO;
				ASSETCATALOG_COMPILER_GENERATE_SWIFT_ASSET_SYMBOL_EXTENSIONS = YES;
				CLANG_ANALYZER_NONNULL = YES;
				CLANG_ANALYZER_NUMBER_OBJECT_CONVERSION = YES_AGGRESSIVE;
				CLANG_CXX_LANGUAGE_STANDARD = "gnu++20";
				CLANG_ENABLE_MODULES = YES;
				CLANG_ENABLE_OBJC_ARC = YES;
				CLANG_ENABLE_OBJC_WEAK = YES;
				CLANG_WARN_BLOCK_CAPTURE_AUTORELEASING = YES;
				CLANG_WARN_BOOL_CONVERSION = YES;
				CLANG_WARN_COMMA = YES;
				CLANG_WARN_CONSTANT_CONVERSION = YES;
				CLANG_WARN_DEPRECATED_OBJC_IMPLEMENTATIONS = YES;
				CLANG_WARN_DIRECT_OBJC_ISA_USAGE = YES_ERROR;
				CLANG_WARN_DOCUMENTATION_COMMENTS = YES;
				CLANG_WARN_EMPTY_BODY = YES;
				CLANG_WARN_ENUM_CONVERSION = YES;
				CLANG_WARN_INFINITE_RECURSION = YES;
				CLANG_WARN_INT_CONVERSION = YES;
				CLANG_WARN_NON_LITERAL_NULL_CONVERSION = YES;
				CLANG_WARN_OBJC_IMPLICIT_RETAIN_SELF = YES;
				CLANG_WARN_OBJC_LITERAL_CONVERSION = YES;
				CLANG_WARN_OBJC_ROOT_CLASS = YES_ERROR;
				CLANG_WARN_QUOTED_INCLUDE_IN_FRAMEWORK_HEADER = YES;
				CLANG_WARN_RANGE_LOOP_ANALYSIS = YES;
				CLANG_WARN_STRICT_PROTOTYPES = YES;
				CLANG_WARN_SUSPICIOUS_MOVE = YES;
				CLANG_WARN_UNGUARDED_AVAILABILITY = YES_AGGRESSIVE;
				CLANG_WARN_UNREACHABLE_CODE = YES;
				CLANG_WARN__DUPLICATE_METHOD_MATCH = YES;
				COPY_PHASE_STRIP = NO;
				DEBUG_INFORMATION_FORMAT = "dwarf-with-dsym";
				ENABLE_NS_ASSERTIONS = NO;
				ENABLE_STRICT_OBJC_MSGSEND = YES;
				ENABLE_USER_SCRIPT_SANDBOXING = YES;
				GCC_C_LANGUAGE_STANDARD = gnu17;
				GCC_NO_COMMON_BLOCKS = YES;
				GCC_WARN_64_TO_32_BIT_CONVERSION = YES;
				GCC_WARN_ABOUT_RETURN_TYPE = YES_ERROR;
				GCC_WARN_UNDECLARED_SELECTOR = YES;
				GCC_WARN_UNINITIALIZED_AUTOS = YES_AGGRESSIVE;
				GCC_WARN_UNUSED_FUNCTION = YES;
				GCC_WARN_UNUSED_VARIABLE = YES;
				IPHONEOS_DEPLOYMENT_TARGET = 16.0;
				LOCALIZATION_PREFERS_STRING_CATALOGS = YES;
				MTL_ENABLE_DEBUG_INFO = NO;
				MTL_FAST_MATH = YES;
				SDKROOT = iphoneos;
				SWIFT_COMPILATION_MODE = wholemodule;
				VALIDATE_PRODUCT = YES;
			};
			name = Release;
		};
		1B9497B12C70FC39009F5AB1 /* Debug */ = {
			isa = XCBuildConfiguration;
			buildSettings = {
				ASSETCATALOG_COMPILER_APPICON_NAME = AppIcon;
				ASSETCATALOG_COMPILER_GLOBAL_ACCENT_COLOR_NAME = AccentColor;
				CODE_SIGN_STYLE = Automatic;
				CURRENT_PROJECT_VERSION = 1;
				DEVELOPMENT_ASSET_PATHS = "\"Pokemon/Preview Content\"";
				DEVELOPMENT_TEAM = FA2SLC6S8Z;
				ENABLE_PREVIEWS = YES;
				GENERATE_INFOPLIST_FILE = YES;
				INFOPLIST_FILE = Pokemon/Info.plist;
				INFOPLIST_KEY_UIApplicationSceneManifest_Generation = YES;
				INFOPLIST_KEY_UIApplicationSupportsIndirectInputEvents = YES;
				INFOPLIST_KEY_UILaunchStoryboardName = LaunchScreen.storyboard;
				INFOPLIST_KEY_UISupportedInterfaceOrientations_iPad = "UIInterfaceOrientationPortrait UIInterfaceOrientationPortraitUpsideDown UIInterfaceOrientationLandscapeLeft UIInterfaceOrientationLandscapeRight";
				INFOPLIST_KEY_UISupportedInterfaceOrientations_iPhone = "UIInterfaceOrientationPortrait UIInterfaceOrientationLandscapeLeft UIInterfaceOrientationLandscapeRight";
				LD_RUNPATH_SEARCH_PATHS = (
					"$(inherited)",
					"@executable_path/Frameworks",
				);
				MARKETING_VERSION = 1.0;
				PRODUCT_BUNDLE_IDENTIFIER = com.dyana.Pokemon;
				PRODUCT_NAME = "$(TARGET_NAME)";
				SWIFT_EMIT_LOC_STRINGS = YES;
				SWIFT_VERSION = 5.0;
				TARGETED_DEVICE_FAMILY = "1,2";
			};
			name = Debug;
		};
		1B9497B22C70FC39009F5AB1 /* Release */ = {
			isa = XCBuildConfiguration;
			buildSettings = {
				ASSETCATALOG_COMPILER_APPICON_NAME = AppIcon;
				ASSETCATALOG_COMPILER_GLOBAL_ACCENT_COLOR_NAME = AccentColor;
				CODE_SIGN_STYLE = Automatic;
				CURRENT_PROJECT_VERSION = 1;
				DEVELOPMENT_ASSET_PATHS = "\"Pokemon/Preview Content\"";
				DEVELOPMENT_TEAM = FA2SLC6S8Z;
				ENABLE_PREVIEWS = YES;
				GENERATE_INFOPLIST_FILE = YES;
				INFOPLIST_FILE = Pokemon/Info.plist;
				INFOPLIST_KEY_UIApplicationSceneManifest_Generation = YES;
				INFOPLIST_KEY_UIApplicationSupportsIndirectInputEvents = YES;
				INFOPLIST_KEY_UILaunchStoryboardName = LaunchScreen.storyboard;
				INFOPLIST_KEY_UISupportedInterfaceOrientations_iPad = "UIInterfaceOrientationPortrait UIInterfaceOrientationPortraitUpsideDown UIInterfaceOrientationLandscapeLeft UIInterfaceOrientationLandscapeRight";
				INFOPLIST_KEY_UISupportedInterfaceOrientations_iPhone = "UIInterfaceOrientationPortrait UIInterfaceOrientationLandscapeLeft UIInterfaceOrientationLandscapeRight";
				LD_RUNPATH_SEARCH_PATHS = (
					"$(inherited)",
					"@executable_path/Frameworks",
				);
				MARKETING_VERSION = 1.0;
				PRODUCT_BUNDLE_IDENTIFIER = com.dyana.Pokemon;
				PRODUCT_NAME = "$(TARGET_NAME)";
				SWIFT_EMIT_LOC_STRINGS = YES;
				SWIFT_VERSION = 5.0;
				TARGETED_DEVICE_FAMILY = "1,2";
			};
			name = Release;
		};
		1B9497B42C70FC39009F5AB1 /* Debug */ = {
			isa = XCBuildConfiguration;
			buildSettings = {
				ALWAYS_EMBED_SWIFT_STANDARD_LIBRARIES = YES;
				BUNDLE_LOADER = "$(TEST_HOST)";
				CODE_SIGN_STYLE = Automatic;
				CURRENT_PROJECT_VERSION = 1;
				DEVELOPMENT_TEAM = FA2SLC6S8Z;
				GENERATE_INFOPLIST_FILE = YES;
				IPHONEOS_DEPLOYMENT_TARGET = 17.5;
				MARKETING_VERSION = 1.0;
				PRODUCT_BUNDLE_IDENTIFIER = com.dyana.PokemonTests;
				PRODUCT_NAME = "$(TARGET_NAME)";
				SWIFT_EMIT_LOC_STRINGS = NO;
				SWIFT_VERSION = 5.0;
				TARGETED_DEVICE_FAMILY = "1,2";
				TEST_HOST = "$(BUILT_PRODUCTS_DIR)/Pokemon.app/$(BUNDLE_EXECUTABLE_FOLDER_PATH)/Pokemon";
			};
			name = Debug;
		};
		1B9497B52C70FC39009F5AB1 /* Release */ = {
			isa = XCBuildConfiguration;
			buildSettings = {
				ALWAYS_EMBED_SWIFT_STANDARD_LIBRARIES = YES;
				BUNDLE_LOADER = "$(TEST_HOST)";
				CODE_SIGN_STYLE = Automatic;
				CURRENT_PROJECT_VERSION = 1;
				DEVELOPMENT_TEAM = FA2SLC6S8Z;
				GENERATE_INFOPLIST_FILE = YES;
				IPHONEOS_DEPLOYMENT_TARGET = 17.5;
				MARKETING_VERSION = 1.0;
				PRODUCT_BUNDLE_IDENTIFIER = com.dyana.PokemonTests;
				PRODUCT_NAME = "$(TARGET_NAME)";
				SWIFT_EMIT_LOC_STRINGS = NO;
				SWIFT_VERSION = 5.0;
				TARGETED_DEVICE_FAMILY = "1,2";
				TEST_HOST = "$(BUILT_PRODUCTS_DIR)/Pokemon.app/$(BUNDLE_EXECUTABLE_FOLDER_PATH)/Pokemon";
			};
			name = Release;
		};
		1B9497B72C70FC39009F5AB1 /* Debug */ = {
			isa = XCBuildConfiguration;
			buildSettings = {
				ALWAYS_EMBED_SWIFT_STANDARD_LIBRARIES = YES;
				CODE_SIGN_STYLE = Automatic;
				CURRENT_PROJECT_VERSION = 1;
				DEVELOPMENT_TEAM = FA2SLC6S8Z;
				GENERATE_INFOPLIST_FILE = YES;
				MARKETING_VERSION = 1.0;
				PRODUCT_BUNDLE_IDENTIFIER = com.dyana.PokemonUITests;
				PRODUCT_NAME = "$(TARGET_NAME)";
				SWIFT_EMIT_LOC_STRINGS = NO;
				SWIFT_VERSION = 5.0;
				TARGETED_DEVICE_FAMILY = "1,2";
				TEST_TARGET_NAME = Pokemon;
			};
			name = Debug;
		};
		1B9497B82C70FC39009F5AB1 /* Release */ = {
			isa = XCBuildConfiguration;
			buildSettings = {
				ALWAYS_EMBED_SWIFT_STANDARD_LIBRARIES = YES;
				CODE_SIGN_STYLE = Automatic;
				CURRENT_PROJECT_VERSION = 1;
				DEVELOPMENT_TEAM = FA2SLC6S8Z;
				GENERATE_INFOPLIST_FILE = YES;
				MARKETING_VERSION = 1.0;
				PRODUCT_BUNDLE_IDENTIFIER = com.dyana.PokemonUITests;
				PRODUCT_NAME = "$(TARGET_NAME)";
				SWIFT_EMIT_LOC_STRINGS = NO;
				SWIFT_VERSION = 5.0;
				TARGETED_DEVICE_FAMILY = "1,2";
				TEST_TARGET_NAME = Pokemon;
			};
			name = Release;
		};
/* End XCBuildConfiguration section */

/* Begin XCConfigurationList section */
		1B9497872C70FC37009F5AB1 /* Build configuration list for PBXProject "Pokemon" */ = {
			isa = XCConfigurationList;
			buildConfigurations = (
				1B9497AE2C70FC39009F5AB1 /* Debug */,
				1B9497AF2C70FC39009F5AB1 /* Release */,
			);
			defaultConfigurationIsVisible = 0;
			defaultConfigurationName = Release;
		};
		1B9497B02C70FC39009F5AB1 /* Build configuration list for PBXNativeTarget "Pokemon" */ = {
			isa = XCConfigurationList;
			buildConfigurations = (
				1B9497B12C70FC39009F5AB1 /* Debug */,
				1B9497B22C70FC39009F5AB1 /* Release */,
			);
			defaultConfigurationIsVisible = 0;
			defaultConfigurationName = Release;
		};
		1B9497B32C70FC39009F5AB1 /* Build configuration list for PBXNativeTarget "PokemonTests" */ = {
			isa = XCConfigurationList;
			buildConfigurations = (
				1B9497B42C70FC39009F5AB1 /* Debug */,
				1B9497B52C70FC39009F5AB1 /* Release */,
			);
			defaultConfigurationIsVisible = 0;
			defaultConfigurationName = Release;
		};
		1B9497B62C70FC39009F5AB1 /* Build configuration list for PBXNativeTarget "PokemonUITests" */ = {
			isa = XCConfigurationList;
			buildConfigurations = (
				1B9497B72C70FC39009F5AB1 /* Debug */,
				1B9497B82C70FC39009F5AB1 /* Release */,
			);
			defaultConfigurationIsVisible = 0;
			defaultConfigurationName = Release;
		};
/* End XCConfigurationList section */

/* Begin XCRemoteSwiftPackageReference section */
		1B9497BF2C71036B009F5AB1 /* XCRemoteSwiftPackageReference "Alamofire" */ = {
			isa = XCRemoteSwiftPackageReference;
			repositoryURL = "https://github.com/Alamofire/Alamofire.git";
			requirement = {
				kind = upToNextMajorVersion;
				minimumVersion = 5.9.1;
			};
		};
/* End XCRemoteSwiftPackageReference section */

/* Begin XCSwiftPackageProductDependency section */
		1B9497C02C71036B009F5AB1 /* Alamofire */ = {
			isa = XCSwiftPackageProductDependency;
			package = 1B9497BF2C71036B009F5AB1 /* XCRemoteSwiftPackageReference "Alamofire" */;
			productName = Alamofire;
		};
/* End XCSwiftPackageProductDependency section */
	};
	rootObject = 1B9497842C70FC37009F5AB1 /* Project object */;
}
